// !$*UTF8*$!
{
	archiveVersion = 1;
	classes = {
	};
	objectVersion = 56;
	objects = {

/* Begin PBXBuildFile section */
		D32790672A77DF8D001E1D3C /* voteApp.swift in Sources */ = {isa = PBXBuildFile; fileRef = D32790662A77DF8D001E1D3C /* voteApp.swift */; };
		D32790692A77DF8D001E1D3C /* ContentView.swift in Sources */ = {isa = PBXBuildFile; fileRef = D32790682A77DF8D001E1D3C /* ContentView.swift */; };
		D327906B2A77DF8F001E1D3C /* Assets.xcassets in Resources */ = {isa = PBXBuildFile; fileRef = D327906A2A77DF8F001E1D3C /* Assets.xcassets */; };
		D327906F2A77DF8F001E1D3C /* Preview Assets.xcassets in Resources */ = {isa = PBXBuildFile; fileRef = D327906E2A77DF8F001E1D3C /* Preview Assets.xcassets */; };
		D32790792A77DF8F001E1D3C /* voteTests.swift in Sources */ = {isa = PBXBuildFile; fileRef = D32790782A77DF8F001E1D3C /* voteTests.swift */; };
		D32790832A77DF8F001E1D3C /* voteUITests.swift in Sources */ = {isa = PBXBuildFile; fileRef = D32790822A77DF8F001E1D3C /* voteUITests.swift */; };
		D32790852A77DF8F001E1D3C /* voteUITestsLaunchTests.swift in Sources */ = {isa = PBXBuildFile; fileRef = D32790842A77DF8F001E1D3C /* voteUITestsLaunchTests.swift */; };
/* End PBXBuildFile section */

/* Begin PBXContainerItemProxy section */
		D32790752A77DF8F001E1D3C /* PBXContainerItemProxy */ = {
			isa = PBXContainerItemProxy;
			containerPortal = D327905B2A77DF8D001E1D3C /* Project object */;
			proxyType = 1;
			remoteGlobalIDString = D32790622A77DF8D001E1D3C;
			remoteInfo = vote;
		};
		D327907F2A77DF8F001E1D3C /* PBXContainerItemProxy */ = {
			isa = PBXContainerItemProxy;
			containerPortal = D327905B2A77DF8D001E1D3C /* Project object */;
			proxyType = 1;
			remoteGlobalIDString = D32790622A77DF8D001E1D3C;
			remoteInfo = vote;
		};
/* End PBXContainerItemProxy section */

/* Begin PBXFileReference section */
		D32790632A77DF8D001E1D3C /* vote.app */ = {isa = PBXFileReference; explicitFileType = wrapper.application; includeInIndex = 0; path = vote.app; sourceTree = BUILT_PRODUCTS_DIR; };
		D32790662A77DF8D001E1D3C /* voteApp.swift */ = {isa = PBXFileReference; lastKnownFileType = sourcecode.swift; path = voteApp.swift; sourceTree = "<group>"; };
		D32790682A77DF8D001E1D3C /* ContentView.swift */ = {isa = PBXFileReference; lastKnownFileType = sourcecode.swift; path = ContentView.swift; sourceTree = "<group>"; };
		D327906A2A77DF8F001E1D3C /* Assets.xcassets */ = {isa = PBXFileReference; lastKnownFileType = folder.assetcatalog; path = Assets.xcassets; sourceTree = "<group>"; };
		D327906C2A77DF8F001E1D3C /* vote.entitlements */ = {isa = PBXFileReference; lastKnownFileType = text.plist.entitlements; path = vote.entitlements; sourceTree = "<group>"; };
		D327906E2A77DF8F001E1D3C /* Preview Assets.xcassets */ = {isa = PBXFileReference; lastKnownFileType = folder.assetcatalog; path = "Preview Assets.xcassets"; sourceTree = "<group>"; };
		D32790742A77DF8F001E1D3C /* voteTests.xctest */ = {isa = PBXFileReference; explicitFileType = wrapper.cfbundle; includeInIndex = 0; path = voteTests.xctest; sourceTree = BUILT_PRODUCTS_DIR; };
		D32790782A77DF8F001E1D3C /* voteTests.swift */ = {isa = PBXFileReference; lastKnownFileType = sourcecode.swift; path = voteTests.swift; sourceTree = "<group>"; };
		D327907E2A77DF8F001E1D3C /* voteUITests.xctest */ = {isa = PBXFileReference; explicitFileType = wrapper.cfbundle; includeInIndex = 0; path = voteUITests.xctest; sourceTree = BUILT_PRODUCTS_DIR; };
		D32790822A77DF8F001E1D3C /* voteUITests.swift */ = {isa = PBXFileReference; lastKnownFileType = sourcecode.swift; path = voteUITests.swift; sourceTree = "<group>"; };
		D32790842A77DF8F001E1D3C /* voteUITestsLaunchTests.swift */ = {isa = PBXFileReference; lastKnownFileType = sourcecode.swift; path = voteUITestsLaunchTests.swift; sourceTree = "<group>"; };
/* End PBXFileReference section */

/* Begin PBXFrameworksBuildPhase section */
		D32790602A77DF8D001E1D3C /* Frameworks */ = {
			isa = PBXFrameworksBuildPhase;
			buildActionMask = 2147483647;
			files = (
			);
			runOnlyForDeploymentPostprocessing = 0;
		};
		D32790712A77DF8F001E1D3C /* Frameworks */ = {
			isa = PBXFrameworksBuildPhase;
			buildActionMask = 2147483647;
			files = (
			);
			runOnlyForDeploymentPostprocessing = 0;
		};
		D327907B2A77DF8F001E1D3C /* Frameworks */ = {
			isa = PBXFrameworksBuildPhase;
			buildActionMask = 2147483647;
			files = (
			);
			runOnlyForDeploymentPostprocessing = 0;
		};
/* End PBXFrameworksBuildPhase section */

/* Begin PBXGroup section */
		D327905A2A77DF8D001E1D3C = {
			isa = PBXGroup;
			children = (
				D32790652A77DF8D001E1D3C /* vote */,
				D32790772A77DF8F001E1D3C /* voteTests */,
				D32790812A77DF8F001E1D3C /* voteUITests */,
				D32790642A77DF8D001E1D3C /* Products */,
			);
			sourceTree = "<group>";
		};
		D32790642A77DF8D001E1D3C /* Products */ = {
			isa = PBXGroup;
			children = (
				D32790632A77DF8D001E1D3C /* vote.app */,
				D32790742A77DF8F001E1D3C /* voteTests.xctest */,
				D327907E2A77DF8F001E1D3C /* voteUITests.xctest */,
			);
			name = Products;
			sourceTree = "<group>";
		};
		D32790652A77DF8D001E1D3C /* vote */ = {
			isa = PBXGroup;
			children = (
				D32790662A77DF8D001E1D3C /* voteApp.swift */,
				D32790682A77DF8D001E1D3C /* ContentView.swift */,
				D327906A2A77DF8F001E1D3C /* Assets.xcassets */,
				D327906C2A77DF8F001E1D3C /* vote.entitlements */,
				D327906D2A77DF8F001E1D3C /* Preview Content */,
			);
			path = vote;
			sourceTree = "<group>";
		};
		D327906D2A77DF8F001E1D3C /* Preview Content */ = {
			isa = PBXGroup;
			children = (
				D327906E2A77DF8F001E1D3C /* Preview Assets.xcassets */,
			);
			path = "Preview Content";
			sourceTree = "<group>";
		};
		D32790772A77DF8F001E1D3C /* voteTests */ = {
			isa = PBXGroup;
			children = (
				D32790782A77DF8F001E1D3C /* voteTests.swift */,
			);
			path = voteTests;
			sourceTree = "<group>";
		};
		D32790812A77DF8F001E1D3C /* voteUITests */ = {
			isa = PBXGroup;
			children = (
				D32790822A77DF8F001E1D3C /* voteUITests.swift */,
				D32790842A77DF8F001E1D3C /* voteUITestsLaunchTests.swift */,
			);
			path = voteUITests;
			sourceTree = "<group>";
		};
/* End PBXGroup section */

/* Begin PBXNativeTarget section */
		D32790622A77DF8D001E1D3C /* vote */ = {
			isa = PBXNativeTarget;
			buildConfigurationList = D32790882A77DF8F001E1D3C /* Build configuration list for PBXNativeTarget "vote" */;
			buildPhases = (
				D327905F2A77DF8D001E1D3C /* Sources */,
				D32790602A77DF8D001E1D3C /* Frameworks */,
				D32790612A77DF8D001E1D3C /* Resources */,
			);
			buildRules = (
			);
			dependencies = (
			);
			name = vote;
			productName = vote;
			productReference = D32790632A77DF8D001E1D3C /* vote.app */;
			productType = "com.apple.product-type.application";
		};
		D32790732A77DF8F001E1D3C /* voteTests */ = {
			isa = PBXNativeTarget;
			buildConfigurationList = D327908B2A77DF8F001E1D3C /* Build configuration list for PBXNativeTarget "voteTests" */;
			buildPhases = (
				D32790702A77DF8F001E1D3C /* Sources */,
				D32790712A77DF8F001E1D3C /* Frameworks */,
				D32790722A77DF8F001E1D3C /* Resources */,
			);
			buildRules = (
			);
			dependencies = (
				D32790762A77DF8F001E1D3C /* PBXTargetDependency */,
			);
			name = voteTests;
			productName = voteTests;
			productReference = D32790742A77DF8F001E1D3C /* voteTests.xctest */;
			productType = "com.apple.product-type.bundle.unit-test";
		};
		D327907D2A77DF8F001E1D3C /* voteUITests */ = {
			isa = PBXNativeTarget;
			buildConfigurationList = D327908E2A77DF8F001E1D3C /* Build configuration list for PBXNativeTarget "voteUITests" */;
			buildPhases = (
				D327907A2A77DF8F001E1D3C /* Sources */,
				D327907B2A77DF8F001E1D3C /* Frameworks */,
				D327907C2A77DF8F001E1D3C /* Resources */,
			);
			buildRules = (
			);
			dependencies = (
				D32790802A77DF8F001E1D3C /* PBXTargetDependency */,
			);
			name = voteUITests;
			productName = voteUITests;
			productReference = D327907E2A77DF8F001E1D3C /* voteUITests.xctest */;
			productType = "com.apple.product-type.bundle.ui-testing";
		};
/* End PBXNativeTarget section */

/* Begin PBXProject section */
		D327905B2A77DF8D001E1D3C /* Project object */ = {
			isa = PBXProject;
			attributes = {
				BuildIndependentTargetsInParallel = 1;
				LastSwiftUpdateCheck = 1430;
				LastUpgradeCheck = 1430;
				TargetAttributes = {
					D32790622A77DF8D001E1D3C = {
						CreatedOnToolsVersion = 14.3.1;
					};
					D32790732A77DF8F001E1D3C = {
						CreatedOnToolsVersion = 14.3.1;
						TestTargetID = D32790622A77DF8D001E1D3C;
					};
					D327907D2A77DF8F001E1D3C = {
						CreatedOnToolsVersion = 14.3.1;
						TestTargetID = D32790622A77DF8D001E1D3C;
					};
				};
			};
			buildConfigurationList = D327905E2A77DF8D001E1D3C /* Build configuration list for PBXProject "vote" */;
			compatibilityVersion = "Xcode 14.0";
			developmentRegion = en;
			hasScannedForEncodings = 0;
			knownRegions = (
				en,
				Base,
			);
			mainGroup = D327905A2A77DF8D001E1D3C;
			productRefGroup = D32790642A77DF8D001E1D3C /* Products */;
			projectDirPath = "";
			projectRoot = "";
			targets = (
				D32790622A77DF8D001E1D3C /* vote */,
				D32790732A77DF8F001E1D3C /* voteTests */,
				D327907D2A77DF8F001E1D3C /* voteUITests */,
			);
		};
/* End PBXProject section */

/* Begin PBXResourcesBuildPhase section */
		D32790612A77DF8D001E1D3C /* Resources */ = {
			isa = PBXResourcesBuildPhase;
			buildActionMask = 2147483647;
			files = (
				D327906F2A77DF8F001E1D3C /* Preview Assets.xcassets in Resources */,
				D327906B2A77DF8F001E1D3C /* Assets.xcassets in Resources */,
			);
			runOnlyForDeploymentPostprocessing = 0;
		};
		D32790722A77DF8F001E1D3C /* Resources */ = {
			isa = PBXResourcesBuildPhase;
			buildActionMask = 2147483647;
			files = (
			);
			runOnlyForDeploymentPostprocessing = 0;
		};
		D327907C2A77DF8F001E1D3C /* Resources */ = {
			isa = PBXResourcesBuildPhase;
			buildActionMask = 2147483647;
			files = (
			);
			runOnlyForDeploymentPostprocessing = 0;
		};
/* End PBXResourcesBuildPhase section */

/* Begin PBXSourcesBuildPhase section */
		D327905F2A77DF8D001E1D3C /* Sources */ = {
			isa = PBXSourcesBuildPhase;
			buildActionMask = 2147483647;
			files = (
				D32790692A77DF8D001E1D3C /* ContentView.swift in Sources */,
				D32790672A77DF8D001E1D3C /* voteApp.swift in Sources */,
			);
			runOnlyForDeploymentPostprocessing = 0;
		};
		D32790702A77DF8F001E1D3C /* Sources */ = {
			isa = PBXSourcesBuildPhase;
			buildActionMask = 2147483647;
			files = (
				D32790792A77DF8F001E1D3C /* voteTests.swift in Sources */,
			);
			runOnlyForDeploymentPostprocessing = 0;
		};
		D327907A2A77DF8F001E1D3C /* Sources */ = {
			isa = PBXSourcesBuildPhase;
			buildActionMask = 2147483647;
			files = (
				D32790852A77DF8F001E1D3C /* voteUITestsLaunchTests.swift in Sources */,
				D32790832A77DF8F001E1D3C /* voteUITests.swift in Sources */,
			);
			runOnlyForDeploymentPostprocessing = 0;
		};
/* End PBXSourcesBuildPhase section */

/* Begin PBXTargetDependency section */
		D32790762A77DF8F001E1D3C /* PBXTargetDependency */ = {
			isa = PBXTargetDependency;
			target = D32790622A77DF8D001E1D3C /* vote */;
			targetProxy = D32790752A77DF8F001E1D3C /* PBXContainerItemProxy */;
		};
		D32790802A77DF8F001E1D3C /* PBXTargetDependency */ = {
			isa = PBXTargetDependency;
			target = D32790622A77DF8D001E1D3C /* vote */;
			targetProxy = D327907F2A77DF8F001E1D3C /* PBXContainerItemProxy */;
		};
/* End PBXTargetDependency section */

/* Begin XCBuildConfiguration section */
		D32790862A77DF8F001E1D3C /* Debug */ = {
			isa = XCBuildConfiguration;
			buildSettings = {
				ALWAYS_SEARCH_USER_PATHS = NO;
				CLANG_ANALYZER_NONNULL = YES;
				CLANG_ANALYZER_NUMBER_OBJECT_CONVERSION = YES_AGGRESSIVE;
				CLANG_CXX_LANGUAGE_STANDARD = "gnu++20";
				CLANG_ENABLE_MODULES = YES;
				CLANG_ENABLE_OBJC_ARC = YES;
				CLANG_ENABLE_OBJC_WEAK = YES;
				CLANG_WARN_BLOCK_CAPTURE_AUTORELEASING = YES;
				CLANG_WARN_BOOL_CONVERSION = YES;
				CLANG_WARN_COMMA = YES;
				CLANG_WARN_CONSTANT_CONVERSION = YES;
				CLANG_WARN_DEPRECATED_OBJC_IMPLEMENTATIONS = YES;
				CLANG_WARN_DIRECT_OBJC_ISA_USAGE = YES_ERROR;
				CLANG_WARN_DOCUMENTATION_COMMENTS = YES;
				CLANG_WARN_EMPTY_BODY = YES;
				CLANG_WARN_ENUM_CONVERSION = YES;
				CLANG_WARN_INFINITE_RECURSION = YES;
				CLANG_WARN_INT_CONVERSION = YES;
				CLANG_WARN_NON_LITERAL_NULL_CONVERSION = YES;
				CLANG_WARN_OBJC_IMPLICIT_RETAIN_SELF = YES;
				CLANG_WARN_OBJC_LITERAL_CONVERSION = YES;
				CLANG_WARN_OBJC_ROOT_CLASS = YES_ERROR;
				CLANG_WARN_QUOTED_INCLUDE_IN_FRAMEWORK_HEADER = YES;
				CLANG_WARN_RANGE_LOOP_ANALYSIS = YES;
				CLANG_WARN_STRICT_PROTOTYPES = YES;
				CLANG_WARN_SUSPICIOUS_MOVE = YES;
				CLANG_WARN_UNGUARDED_AVAILABILITY = YES_AGGRESSIVE;
				CLANG_WARN_UNREACHABLE_CODE = YES;
				CLANG_WARN__DUPLICATE_METHOD_MATCH = YES;
				COPY_PHASE_STRIP = NO;
				DEBUG_INFORMATION_FORMAT = dwarf;
				ENABLE_STRICT_OBJC_MSGSEND = YES;
				ENABLE_TESTABILITY = YES;
				GCC_C_LANGUAGE_STANDARD = gnu11;
				GCC_DYNAMIC_NO_PIC = NO;
				GCC_NO_COMMON_BLOCKS = YES;
				GCC_OPTIMIZATION_LEVEL = 0;
				GCC_PREPROCESSOR_DEFINITIONS = (
					"DEBUG=1",
					"$(inherited)",
				);
				GCC_WARN_64_TO_32_BIT_CONVERSION = YES;
				GCC_WARN_ABOUT_RETURN_TYPE = YES_ERROR;
				GCC_WARN_UNDECLARED_SELECTOR = YES;
				GCC_WARN_UNINITIALIZED_AUTOS = YES_AGGRESSIVE;
				GCC_WARN_UNUSED_FUNCTION = YES;
				GCC_WARN_UNUSED_VARIABLE = YES;
				MTL_ENABLE_DEBUG_INFO = INCLUDE_SOURCE;
				MTL_FAST_MATH = YES;
				ONLY_ACTIVE_ARCH = YES;
				SWIFT_ACTIVE_COMPILATION_CONDITIONS = DEBUG;
				SWIFT_OPTIMIZATION_LEVEL = "-Onone";
			};
			name = Debug;
		};
		D32790872A77DF8F001E1D3C /* Release */ = {
			isa = XCBuildConfiguration;
			buildSettings = {
				ALWAYS_SEARCH_USER_PATHS = NO;
				CLANG_ANALYZER_NONNULL = YES;
				CLANG_ANALYZER_NUMBER_OBJECT_CONVERSION = YES_AGGRESSIVE;
				CLANG_CXX_LANGUAGE_STANDARD = "gnu++20";
				CLANG_ENABLE_MODULES = YES;
				CLANG_ENABLE_OBJC_ARC = YES;
				CLANG_ENABLE_OBJC_WEAK = YES;
				CLANG_WARN_BLOCK_CAPTURE_AUTORELEASING = YES;
				CLANG_WARN_BOOL_CONVERSION = YES;
				CLANG_WARN_COMMA = YES;
				CLANG_WARN_CONSTANT_CONVERSION = YES;
				CLANG_WARN_DEPRECATED_OBJC_IMPLEMENTATIONS = YES;
				CLANG_WARN_DIRECT_OBJC_ISA_USAGE = YES_ERROR;
				CLANG_WARN_DOCUMENTATION_COMMENTS = YES;
				CLANG_WARN_EMPTY_BODY = YES;
				CLANG_WARN_ENUM_CONVERSION = YES;
				CLANG_WARN_INFINITE_RECURSION = YES;
				CLANG_WARN_INT_CONVERSION = YES;
				CLANG_WARN_NON_LITERAL_NULL_CONVERSION = YES;
				CLANG_WARN_OBJC_IMPLICIT_RETAIN_SELF = YES;
				CLANG_WARN_OBJC_LITERAL_CONVERSION = YES;
				CLANG_WARN_OBJC_ROOT_CLASS = YES_ERROR;
				CLANG_WARN_QUOTED_INCLUDE_IN_FRAMEWORK_HEADER = YES;
				CLANG_WARN_RANGE_LOOP_ANALYSIS = YES;
				CLANG_WARN_STRICT_PROTOTYPES = YES;
				CLANG_WARN_SUSPICIOUS_MOVE = YES;
				CLANG_WARN_UNGUARDED_AVAILABILITY = YES_AGGRESSIVE;
				CLANG_WARN_UNREACHABLE_CODE = YES;
				CLANG_WARN__DUPLICATE_METHOD_MATCH = YES;
				COPY_PHASE_STRIP = NO;
				DEBUG_INFORMATION_FORMAT = "dwarf-with-dsym";
				ENABLE_NS_ASSERTIONS = NO;
				ENABLE_STRICT_OBJC_MSGSEND = YES;
				GCC_C_LANGUAGE_STANDARD = gnu11;
				GCC_NO_COMMON_BLOCKS = YES;
				GCC_WARN_64_TO_32_BIT_CONVERSION = YES;
				GCC_WARN_ABOUT_RETURN_TYPE = YES_ERROR;
				GCC_WARN_UNDECLARED_SELECTOR = YES;
				GCC_WARN_UNINITIALIZED_AUTOS = YES_AGGRESSIVE;
				GCC_WARN_UNUSED_FUNCTION = YES;
				GCC_WARN_UNUSED_VARIABLE = YES;
				MTL_ENABLE_DEBUG_INFO = NO;
				MTL_FAST_MATH = YES;
				SWIFT_COMPILATION_MODE = wholemodule;
				SWIFT_OPTIMIZATION_LEVEL = "-O";
			};
			name = Release;
		};
		D32790892A77DF8F001E1D3C /* Debug */ = {
			isa = XCBuildConfiguration;
			buildSettings = {
				ASSETCATALOG_COMPILER_APPICON_NAME = AppIcon;
				ASSETCATALOG_COMPILER_GLOBAL_ACCENT_COLOR_NAME = AccentColor;
				CODE_SIGN_ENTITLEMENTS = vote/vote.entitlements;
				CODE_SIGN_STYLE = Automatic;
				CURRENT_PROJECT_VERSION = 1;
				DEVELOPMENT_ASSET_PATHS = "\"vote/Preview Content\"";
				ENABLE_PREVIEWS = YES;
				GENERATE_INFOPLIST_FILE = YES;
				"INFOPLIST_KEY_UIApplicationSceneManifest_Generation[sdk=iphoneos*]" = YES;
				"INFOPLIST_KEY_UIApplicationSceneManifest_Generation[sdk=iphonesimulator*]" = YES;
				"INFOPLIST_KEY_UIApplicationSupportsIndirectInputEvents[sdk=iphoneos*]" = YES;
				"INFOPLIST_KEY_UIApplicationSupportsIndirectInputEvents[sdk=iphonesimulator*]" = YES;
				"INFOPLIST_KEY_UILaunchScreen_Generation[sdk=iphoneos*]" = YES;
				"INFOPLIST_KEY_UILaunchScreen_Generation[sdk=iphonesimulator*]" = YES;
				"INFOPLIST_KEY_UIStatusBarStyle[sdk=iphoneos*]" = UIStatusBarStyleDefault;
				"INFOPLIST_KEY_UIStatusBarStyle[sdk=iphonesimulator*]" = UIStatusBarStyleDefault;
				INFOPLIST_KEY_UISupportedInterfaceOrientations_iPad = "UIInterfaceOrientationPortrait UIInterfaceOrientationPortraitUpsideDown UIInterfaceOrientationLandscapeLeft UIInterfaceOrientationLandscapeRight";
				INFOPLIST_KEY_UISupportedInterfaceOrientations_iPhone = "UIInterfaceOrientationPortrait UIInterfaceOrientationLandscapeLeft UIInterfaceOrientationLandscapeRight";
				IPHONEOS_DEPLOYMENT_TARGET = 16.4;
				LD_RUNPATH_SEARCH_PATHS = "@executable_path/Frameworks";
				"LD_RUNPATH_SEARCH_PATHS[sdk=macosx*]" = "@executable_path/../Frameworks";
				MACOSX_DEPLOYMENT_TARGET = 13.3;
				MARKETING_VERSION = 1.0;
				PRODUCT_BUNDLE_IDENTIFIER = "kaushhatrivedi-com.vote";
				PRODUCT_NAME = "$(TARGET_NAME)";
				SDKROOT = auto;
				SUPPORTED_PLATFORMS = "iphoneos iphonesimulator macosx";
				SWIFT_EMIT_LOC_STRINGS = YES;
				SWIFT_VERSION = 5.0;
				TARGETED_DEVICE_FAMILY = "1,2";
			};
			name = Debug;
		};
		D327908A2A77DF8F001E1D3C /* Release */ = {
			isa = XCBuildConfiguration;
			buildSettings = {
				ASSETCATALOG_COMPILER_APPICON_NAME = AppIcon;
				ASSETCATALOG_COMPILER_GLOBAL_ACCENT_COLOR_NAME = AccentColor;
				CODE_SIGN_ENTITLEMENTS = vote/vote.entitlements;
				CODE_SIGN_STYLE = Automatic;
				CURRENT_PROJECT_VERSION = 1;
				DEVELOPMENT_ASSET_PATHS = "\"vote/Preview Content\"";
				ENABLE_PREVIEWS = YES;
				GENERATE_INFOPLIST_FILE = YES;
				"INFOPLIST_KEY_UIApplicationSceneManifest_Generation[sdk=iphoneos*]" = YES;
				"INFOPLIST_KEY_UIApplicationSceneManifest_Generation[sdk=iphonesimulator*]" = YES;
				"INFOPLIST_KEY_UIApplicationSupportsIndirectInputEvents[sdk=iphoneos*]" = YES;
				"INFOPLIST_KEY_UIApplicationSupportsIndirectInputEvents[sdk=iphonesimulator*]" = YES;
				"INFOPLIST_KEY_UILaunchScreen_Generation[sdk=iphoneos*]" = YES;
				"INFOPLIST_KEY_UILaunchScreen_Generation[sdk=iphonesimulator*]" = YES;
				"INFOPLIST_KEY_UIStatusBarStyle[sdk=iphoneos*]" = UIStatusBarStyleDefault;
				"INFOPLIST_KEY_UIStatusBarStyle[sdk=iphonesimulator*]" = UIStatusBarStyleDefault;
				INFOPLIST_KEY_UISupportedInterfaceOrientations_iPad = "UIInterfaceOrientationPortrait UIInterfaceOrientationPortraitUpsideDown UIInterfaceOrientationLandscapeLeft UIInterfaceOrientationLandscapeRight";
				INFOPLIST_KEY_UISupportedInterfaceOrientations_iPhone = "UIInterfaceOrientationPortrait UIInterfaceOrientationLandscapeLeft UIInterfaceOrientationLandscapeRight";
				IPHONEOS_DEPLOYMENT_TARGET = 16.4;
				LD_RUNPATH_SEARCH_PATHS = "@executable_path/Frameworks";
				"LD_RUNPATH_SEARCH_PATHS[sdk=macosx*]" = "@executable_path/../Frameworks";
				MACOSX_DEPLOYMENT_TARGET = 13.3;
				MARKETING_VERSION = 1.0;
				PRODUCT_BUNDLE_IDENTIFIER = "kaushhatrivedi-com.vote";
				PRODUCT_NAME = "$(TARGET_NAME)";
				SDKROOT = auto;
				SUPPORTED_PLATFORMS = "iphoneos iphonesimulator macosx";
				SWIFT_EMIT_LOC_STRINGS = YES;
				SWIFT_VERSION = 5.0;
				TARGETED_DEVICE_FAMILY = "1,2";
			};
			name = Release;
		};
		D327908C2A77DF8F001E1D3C /* Debug */ = {
			isa = XCBuildConfiguration;
			buildSettings = {
				ALWAYS_EMBED_SWIFT_STANDARD_LIBRARIES = YES;
				BUNDLE_LOADER = "$(TEST_HOST)";
				CODE_SIGN_STYLE = Automatic;
				CURRENT_PROJECT_VERSION = 1;
				GENERATE_INFOPLIST_FILE = YES;
				IPHONEOS_DEPLOYMENT_TARGET = 16.4;
				MACOSX_DEPLOYMENT_TARGET = 13.3;
				MARKETING_VERSION = 1.0;
				PRODUCT_BUNDLE_IDENTIFIER = "kaushhatrivedi-com.voteTests";
				PRODUCT_NAME = "$(TARGET_NAME)";
				SDKROOT = auto;
				SUPPORTED_PLATFORMS = "iphoneos iphonesimulator macosx";
				SWIFT_EMIT_LOC_STRINGS = NO;
				SWIFT_VERSION = 5.0;
				TARGETED_DEVICE_FAMILY = "1,2";
				TEST_HOST = "$(BUILT_PRODUCTS_DIR)/vote.app/$(BUNDLE_EXECUTABLE_FOLDER_PATH)/vote";
			};
			name = Debug;
		};
		D327908D2A77DF8F001E1D3C /* Release */ = {
			isa = XCBuildConfiguration;
			buildSettings = {
				ALWAYS_EMBED_SWIFT_STANDARD_LIBRARIES = YES;
				BUNDLE_LOADER = "$(TEST_HOST)";
				CODE_SIGN_STYLE = Automatic;
				CURRENT_PROJECT_VERSION = 1;
				GENERATE_INFOPLIST_FILE = YES;
				IPHONEOS_DEPLOYMENT_TARGET = 16.4;
				MACOSX_DEPLOYMENT_TARGET = 13.3;
				MARKETING_VERSION = 1.0;
				PRODUCT_BUNDLE_IDENTIFIER = "kaushhatrivedi-com.voteTests";
				PRODUCT_NAME = "$(TARGET_NAME)";
				SDKROOT = auto;
				SUPPORTED_PLATFORMS = "iphoneos iphonesimulator macosx";
				SWIFT_EMIT_LOC_STRINGS = NO;
				SWIFT_VERSION = 5.0;
				TARGETED_DEVICE_FAMILY = "1,2";
				TEST_HOST = "$(BUILT_PRODUCTS_DIR)/vote.app/$(BUNDLE_EXECUTABLE_FOLDER_PATH)/vote";
			};
			name = Release;
		};
		D327908F2A77DF8F001E1D3C /* Debug */ = {
			isa = XCBuildConfiguration;
			buildSettings = {
				ALWAYS_EMBED_SWIFT_STANDARD_LIBRARIES = YES;
				CODE_SIGN_STYLE = Automatic;
				CURRENT_PROJECT_VERSION = 1;
				GENERATE_INFOPLIST_FILE = YES;
				IPHONEOS_DEPLOYMENT_TARGET = 16.4;
				MACOSX_DEPLOYMENT_TARGET = 13.3;
				MARKETING_VERSION = 1.0;
				PRODUCT_BUNDLE_IDENTIFIER = "kaushhatrivedi-com.voteUITests";
				PRODUCT_NAME = "$(TARGET_NAME)";
				SDKROOT = auto;
				SUPPORTED_PLATFORMS = "iphoneos iphonesimulator macosx";
				SWIFT_EMIT_LOC_STRINGS = NO;
				SWIFT_VERSION = 5.0;
				TARGETED_DEVICE_FAMILY = "1,2";
				TEST_TARGET_NAME = vote;
			};
			name = Debug;
		};
		D32790902A77DF8F001E1D3C /* Release */ = {
			isa = XCBuildConfiguration;
			buildSettings = {
				ALWAYS_EMBED_SWIFT_STANDARD_LIBRARIES = YES;
				CODE_SIGN_STYLE = Automatic;
				CURRENT_PROJECT_VERSION = 1;
				GENERATE_INFOPLIST_FILE = YES;
				IPHONEOS_DEPLOYMENT_TARGET = 16.4;
				MACOSX_DEPLOYMENT_TARGET = 13.3;
				MARKETING_VERSION = 1.0;
				PRODUCT_BUNDLE_IDENTIFIER = "kaushhatrivedi-com.voteUITests";
				PRODUCT_NAME = "$(TARGET_NAME)";
				SDKROOT = auto;
				SUPPORTED_PLATFORMS = "iphoneos iphonesimulator macosx";
				SWIFT_EMIT_LOC_STRINGS = NO;
				SWIFT_VERSION = 5.0;
				TARGETED_DEVICE_FAMILY = "1,2";
				TEST_TARGET_NAME = vote;
			};
			name = Release;
		};
/* End XCBuildConfiguration section */

/* Begin XCConfigurationList section */
		D327905E2A77DF8D001E1D3C /* Build configuration list for PBXProject "vote" */ = {
			isa = XCConfigurationList;
			buildConfigurations = (
				D32790862A77DF8F001E1D3C /* Debug */,
				D32790872A77DF8F001E1D3C /* Release */,
			);
			defaultConfigurationIsVisible = 0;
			defaultConfigurationName = Release;
		};
		D32790882A77DF8F001E1D3C /* Build configuration list for PBXNativeTarget "vote" */ = {
			isa = XCConfigurationList;
			buildConfigurations = (
				D32790892A77DF8F001E1D3C /* Debug */,
				D327908A2A77DF8F001E1D3C /* Release */,
			);
			defaultConfigurationIsVisible = 0;
			defaultConfigurationName = Release;
		};
		D327908B2A77DF8F001E1D3C /* Build configuration list for PBXNativeTarget "voteTests" */ = {
			isa = XCConfigurationList;
			buildConfigurations = (
				D327908C2A77DF8F001E1D3C /* Debug */,
				D327908D2A77DF8F001E1D3C /* Release */,
			);
			defaultConfigurationIsVisible = 0;
			defaultConfigurationName = Release;
		};
		D327908E2A77DF8F001E1D3C /* Build configuration list for PBXNativeTarget "voteUITests" */ = {
			isa = XCConfigurationList;
			buildConfigurations = (
				D327908F2A77DF8F001E1D3C /* Debug */,
				D32790902A77DF8F001E1D3C /* Release */,
			);
			defaultConfigurationIsVisible = 0;
			defaultConfigurationName = Release;
		};
/* End XCConfigurationList section */
	};
	rootObject = D327905B2A77DF8D001E1D3C /* Project object */;
}
